// !$*UTF8*$!
{
	archiveVersion = 1;
	classes = {
	};
	objectVersion = 55;
	objects = {

/* Begin PBXBuildFile section */
		C161917CCDF2F2B021DCFD12 /* Pods_TestChatApp.framework in Frameworks */ = {isa = PBXBuildFile; fileRef = B03E83895D391EE10D8CCB1C /* Pods_TestChatApp.framework */; };
		DD5253D62A0ECABC524A7DD7 /* Pods_TestChatApp_TestChatAppUITests.framework in Frameworks */ = {isa = PBXBuildFile; fileRef = E774DEE869C94CB1F4DCE43D /* Pods_TestChatApp_TestChatAppUITests.framework */; };
		EC95D8CF0627DC07165C9742 /* Pods_TestChatAppTests.framework in Frameworks */ = {isa = PBXBuildFile; fileRef = C669A096C64B57D189579764 /* Pods_TestChatAppTests.framework */; };
		FA28593E2859B04400FCA9C2 /* ChatDetailViewController.swift in Sources */ = {isa = PBXBuildFile; fileRef = FA28593D2859B04400FCA9C2 /* ChatDetailViewController.swift */; };
		FA2859402859B05C00FCA9C2 /* ChatListCell.swift in Sources */ = {isa = PBXBuildFile; fileRef = FA28593F2859B05C00FCA9C2 /* ChatListCell.swift */; };
		FA2859422859B06300FCA9C2 /* ChatDetailCell.swift in Sources */ = {isa = PBXBuildFile; fileRef = FA2859412859B06300FCA9C2 /* ChatDetailCell.swift */; };
		FA2859442859B10600FCA9C2 /* ListViewModel.swift in Sources */ = {isa = PBXBuildFile; fileRef = FA2859432859B10600FCA9C2 /* ListViewModel.swift */; };
		FA2859462859B10D00FCA9C2 /* DetailViewModel.swift in Sources */ = {isa = PBXBuildFile; fileRef = FA2859452859B10D00FCA9C2 /* DetailViewModel.swift */; };
		FA2859482859B11900FCA9C2 /* ChatListModel.swift in Sources */ = {isa = PBXBuildFile; fileRef = FA2859472859B11900FCA9C2 /* ChatListModel.swift */; };
		FA28594A2859B12000FCA9C2 /* ChatDetailModel.swift in Sources */ = {isa = PBXBuildFile; fileRef = FA2859492859B12000FCA9C2 /* ChatDetailModel.swift */; };
		FA28594D2859D19400FCA9C2 /* APIService.swift in Sources */ = {isa = PBXBuildFile; fileRef = FA28594C2859D19400FCA9C2 /* APIService.swift */; };
		FA2859502859D1C500FCA9C2 /* PaddingLabel.swift in Sources */ = {isa = PBXBuildFile; fileRef = FA28594F2859D1C500FCA9C2 /* PaddingLabel.swift */; };
		FA285953285B548D00FCA9C2 /* Util.swift in Sources */ = {isa = PBXBuildFile; fileRef = FA285952285B548D00FCA9C2 /* Util.swift */; };
		FADCFBF428590D11006F331A /* AppDelegate.swift in Sources */ = {isa = PBXBuildFile; fileRef = FADCFBF328590D11006F331A /* AppDelegate.swift */; };
		FADCFBF628590D11006F331A /* SceneDelegate.swift in Sources */ = {isa = PBXBuildFile; fileRef = FADCFBF528590D11006F331A /* SceneDelegate.swift */; };
		FADCFBF828590D11006F331A /* ChatListViewController.swift in Sources */ = {isa = PBXBuildFile; fileRef = FADCFBF728590D11006F331A /* ChatListViewController.swift */; };
		FADCFBFD28590D11006F331A /* Assets.xcassets in Resources */ = {isa = PBXBuildFile; fileRef = FADCFBFC28590D11006F331A /* Assets.xcassets */; };
		FADCFC0028590D11006F331A /* LaunchScreen.storyboard in Resources */ = {isa = PBXBuildFile; fileRef = FADCFBFE28590D11006F331A /* LaunchScreen.storyboard */; };
		FADCFC0B28590D11006F331A /* TestChatAppTests.swift in Sources */ = {isa = PBXBuildFile; fileRef = FADCFC0A28590D11006F331A /* TestChatAppTests.swift */; };
		FADCFC1528590D11006F331A /* TestChatAppUITests.swift in Sources */ = {isa = PBXBuildFile; fileRef = FADCFC1428590D11006F331A /* TestChatAppUITests.swift */; };
		FADCFC1728590D11006F331A /* TestChatAppUITestsLaunchTests.swift in Sources */ = {isa = PBXBuildFile; fileRef = FADCFC1628590D11006F331A /* TestChatAppUITestsLaunchTests.swift */; };
/* End PBXBuildFile section */

/* Begin PBXContainerItemProxy section */
		FADCFC0728590D11006F331A /* PBXContainerItemProxy */ = {
			isa = PBXContainerItemProxy;
			containerPortal = FADCFBE828590D10006F331A /* Project object */;
			proxyType = 1;
			remoteGlobalIDString = FADCFBEF28590D11006F331A;
			remoteInfo = TestChatApp;
		};
		FADCFC1128590D11006F331A /* PBXContainerItemProxy */ = {
			isa = PBXContainerItemProxy;
			containerPortal = FADCFBE828590D10006F331A /* Project object */;
			proxyType = 1;
			remoteGlobalIDString = FADCFBEF28590D11006F331A;
			remoteInfo = TestChatApp;
		};
/* End PBXContainerItemProxy section */

/* Begin PBXFileReference section */
		2ACA1BB939B23E029CAF24AD /* Pods-TestChatApp.debug.xcconfig */ = {isa = PBXFileReference; includeInIndex = 1; lastKnownFileType = text.xcconfig; name = "Pods-TestChatApp.debug.xcconfig"; path = "Target Support Files/Pods-TestChatApp/Pods-TestChatApp.debug.xcconfig"; sourceTree = "<group>"; };
		2E4316BCE53CD0FC93826C92 /* Pods-TestChatAppTests.debug.xcconfig */ = {isa = PBXFileReference; includeInIndex = 1; lastKnownFileType = text.xcconfig; name = "Pods-TestChatAppTests.debug.xcconfig"; path = "Target Support Files/Pods-TestChatAppTests/Pods-TestChatAppTests.debug.xcconfig"; sourceTree = "<group>"; };
		9989B34D1CFE3354B53E1438 /* Pods-TestChatApp-TestChatAppUITests.release.xcconfig */ = {isa = PBXFileReference; includeInIndex = 1; lastKnownFileType = text.xcconfig; name = "Pods-TestChatApp-TestChatAppUITests.release.xcconfig"; path = "Target Support Files/Pods-TestChatApp-TestChatAppUITests/Pods-TestChatApp-TestChatAppUITests.release.xcconfig"; sourceTree = "<group>"; };
		B03E83895D391EE10D8CCB1C /* Pods_TestChatApp.framework */ = {isa = PBXFileReference; explicitFileType = wrapper.framework; includeInIndex = 0; path = Pods_TestChatApp.framework; sourceTree = BUILT_PRODUCTS_DIR; };
		C669A096C64B57D189579764 /* Pods_TestChatAppTests.framework */ = {isa = PBXFileReference; explicitFileType = wrapper.framework; includeInIndex = 0; path = Pods_TestChatAppTests.framework; sourceTree = BUILT_PRODUCTS_DIR; };
		DA739AE6D5142586258DF6A6 /* Pods-TestChatApp-TestChatAppUITests.debug.xcconfig */ = {isa = PBXFileReference; includeInIndex = 1; lastKnownFileType = text.xcconfig; name = "Pods-TestChatApp-TestChatAppUITests.debug.xcconfig"; path = "Target Support Files/Pods-TestChatApp-TestChatAppUITests/Pods-TestChatApp-TestChatAppUITests.debug.xcconfig"; sourceTree = "<group>"; };
		E774DEE869C94CB1F4DCE43D /* Pods_TestChatApp_TestChatAppUITests.framework */ = {isa = PBXFileReference; explicitFileType = wrapper.framework; includeInIndex = 0; path = Pods_TestChatApp_TestChatAppUITests.framework; sourceTree = BUILT_PRODUCTS_DIR; };
		FA28593D2859B04400FCA9C2 /* ChatDetailViewController.swift */ = {isa = PBXFileReference; lastKnownFileType = sourcecode.swift; path = ChatDetailViewController.swift; sourceTree = "<group>"; };
		FA28593F2859B05C00FCA9C2 /* ChatListCell.swift */ = {isa = PBXFileReference; lastKnownFileType = sourcecode.swift; path = ChatListCell.swift; sourceTree = "<group>"; };
		FA2859412859B06300FCA9C2 /* ChatDetailCell.swift */ = {isa = PBXFileReference; lastKnownFileType = sourcecode.swift; path = ChatDetailCell.swift; sourceTree = "<group>"; };
		FA2859432859B10600FCA9C2 /* ListViewModel.swift */ = {isa = PBXFileReference; lastKnownFileType = sourcecode.swift; path = ListViewModel.swift; sourceTree = "<group>"; };
		FA2859452859B10D00FCA9C2 /* DetailViewModel.swift */ = {isa = PBXFileReference; lastKnownFileType = sourcecode.swift; path = DetailViewModel.swift; sourceTree = "<group>"; };
		FA2859472859B11900FCA9C2 /* ChatListModel.swift */ = {isa = PBXFileReference; lastKnownFileType = sourcecode.swift; path = ChatListModel.swift; sourceTree = "<group>"; };
		FA2859492859B12000FCA9C2 /* ChatDetailModel.swift */ = {isa = PBXFileReference; lastKnownFileType = sourcecode.swift; path = ChatDetailModel.swift; sourceTree = "<group>"; };
		FA28594C2859D19400FCA9C2 /* APIService.swift */ = {isa = PBXFileReference; lastKnownFileType = sourcecode.swift; path = APIService.swift; sourceTree = "<group>"; };
		FA28594F2859D1C500FCA9C2 /* PaddingLabel.swift */ = {isa = PBXFileReference; lastKnownFileType = sourcecode.swift; path = PaddingLabel.swift; sourceTree = "<group>"; };
		FA285952285B548D00FCA9C2 /* Util.swift */ = {isa = PBXFileReference; lastKnownFileType = sourcecode.swift; path = Util.swift; sourceTree = "<group>"; };
		FADCFBF028590D11006F331A /* TestChatApp.app */ = {isa = PBXFileReference; explicitFileType = wrapper.application; includeInIndex = 0; path = TestChatApp.app; sourceTree = BUILT_PRODUCTS_DIR; };
		FADCFBF328590D11006F331A /* AppDelegate.swift */ = {isa = PBXFileReference; lastKnownFileType = sourcecode.swift; path = AppDelegate.swift; sourceTree = "<group>"; };
		FADCFBF528590D11006F331A /* SceneDelegate.swift */ = {isa = PBXFileReference; lastKnownFileType = sourcecode.swift; path = SceneDelegate.swift; sourceTree = "<group>"; };
		FADCFBF728590D11006F331A /* ChatListViewController.swift */ = {isa = PBXFileReference; lastKnownFileType = sourcecode.swift; path = ChatListViewController.swift; sourceTree = "<group>"; };
		FADCFBFC28590D11006F331A /* Assets.xcassets */ = {isa = PBXFileReference; lastKnownFileType = folder.assetcatalog; path = Assets.xcassets; sourceTree = "<group>"; };
		FADCFBFF28590D11006F331A /* Base */ = {isa = PBXFileReference; lastKnownFileType = file.storyboard; name = Base; path = Base.lproj/LaunchScreen.storyboard; sourceTree = "<group>"; };
		FADCFC0128590D11006F331A /* Info.plist */ = {isa = PBXFileReference; lastKnownFileType = text.plist.xml; path = Info.plist; sourceTree = "<group>"; };
		FADCFC0628590D11006F331A /* TestChatAppTests.xctest */ = {isa = PBXFileReference; explicitFileType = wrapper.cfbundle; includeInIndex = 0; path = TestChatAppTests.xctest; sourceTree = BUILT_PRODUCTS_DIR; };
		FADCFC0A28590D11006F331A /* TestChatAppTests.swift */ = {isa = PBXFileReference; lastKnownFileType = sourcecode.swift; path = TestChatAppTests.swift; sourceTree = "<group>"; };
		FADCFC1028590D11006F331A /* TestChatAppUITests.xctest */ = {isa = PBXFileReference; explicitFileType = wrapper.cfbundle; includeInIndex = 0; path = TestChatAppUITests.xctest; sourceTree = BUILT_PRODUCTS_DIR; };
		FADCFC1428590D11006F331A /* TestChatAppUITests.swift */ = {isa = PBXFileReference; lastKnownFileType = sourcecode.swift; path = TestChatAppUITests.swift; sourceTree = "<group>"; };
		FADCFC1628590D11006F331A /* TestChatAppUITestsLaunchTests.swift */ = {isa = PBXFileReference; lastKnownFileType = sourcecode.swift; path = TestChatAppUITestsLaunchTests.swift; sourceTree = "<group>"; };
		FFAE2818FBED49650FA061C6 /* Pods-TestChatAppTests.release.xcconfig */ = {isa = PBXFileReference; includeInIndex = 1; lastKnownFileType = text.xcconfig; name = "Pods-TestChatAppTests.release.xcconfig"; path = "Target Support Files/Pods-TestChatAppTests/Pods-TestChatAppTests.release.xcconfig"; sourceTree = "<group>"; };
		FFFF5F12768FB2C22BF008BB /* Pods-TestChatApp.release.xcconfig */ = {isa = PBXFileReference; includeInIndex = 1; lastKnownFileType = text.xcconfig; name = "Pods-TestChatApp.release.xcconfig"; path = "Target Support Files/Pods-TestChatApp/Pods-TestChatApp.release.xcconfig"; sourceTree = "<group>"; };
/* End PBXFileReference section */

/* Begin PBXFrameworksBuildPhase section */
		FADCFBED28590D11006F331A /* Frameworks */ = {
			isa = PBXFrameworksBuildPhase;
			buildActionMask = 2147483647;
			files = (
				C161917CCDF2F2B021DCFD12 /* Pods_TestChatApp.framework in Frameworks */,
			);
			runOnlyForDeploymentPostprocessing = 0;
		};
		FADCFC0328590D11006F331A /* Frameworks */ = {
			isa = PBXFrameworksBuildPhase;
			buildActionMask = 2147483647;
			files = (
				EC95D8CF0627DC07165C9742 /* Pods_TestChatAppTests.framework in Frameworks */,
			);
			runOnlyForDeploymentPostprocessing = 0;
		};
		FADCFC0D28590D11006F331A /* Frameworks */ = {
			isa = PBXFrameworksBuildPhase;
			buildActionMask = 2147483647;
			files = (
				DD5253D62A0ECABC524A7DD7 /* Pods_TestChatApp_TestChatAppUITests.framework in Frameworks */,
			);
			runOnlyForDeploymentPostprocessing = 0;
		};
/* End PBXFrameworksBuildPhase section */

/* Begin PBXGroup section */
		5A2F480B1221DDFAD9CC42B3 /* Frameworks */ = {
			isa = PBXGroup;
			children = (
				B03E83895D391EE10D8CCB1C /* Pods_TestChatApp.framework */,
				E774DEE869C94CB1F4DCE43D /* Pods_TestChatApp_TestChatAppUITests.framework */,
				C669A096C64B57D189579764 /* Pods_TestChatAppTests.framework */,
			);
			name = Frameworks;
			sourceTree = "<group>";
		};
		7849A1A7EAAC094D66A63444 /* Pods */ = {
			isa = PBXGroup;
			children = (
				2ACA1BB939B23E029CAF24AD /* Pods-TestChatApp.debug.xcconfig */,
				FFFF5F12768FB2C22BF008BB /* Pods-TestChatApp.release.xcconfig */,
				DA739AE6D5142586258DF6A6 /* Pods-TestChatApp-TestChatAppUITests.debug.xcconfig */,
				9989B34D1CFE3354B53E1438 /* Pods-TestChatApp-TestChatAppUITests.release.xcconfig */,
				2E4316BCE53CD0FC93826C92 /* Pods-TestChatAppTests.debug.xcconfig */,
				FFAE2818FBED49650FA061C6 /* Pods-TestChatAppTests.release.xcconfig */,
			);
			path = Pods;
			sourceTree = "<group>";
		};
		FA2859372859B00500FCA9C2 /* View */ = {
			isa = PBXGroup;
			children = (
				FA28593B2859B02F00FCA9C2 /* ListView */,
				FA28593C2859B03500FCA9C2 /* DetailView */,
			);
			path = View;
			sourceTree = "<group>";
		};
		FA2859382859B00A00FCA9C2 /* ViewModel */ = {
			isa = PBXGroup;
			children = (
				FA2859432859B10600FCA9C2 /* ListViewModel.swift */,
				FA2859452859B10D00FCA9C2 /* DetailViewModel.swift */,
			);
			path = ViewModel;
			sourceTree = "<group>";
		};
		FA2859392859B00E00FCA9C2 /* Model */ = {
			isa = PBXGroup;
			children = (
				FA2859472859B11900FCA9C2 /* ChatListModel.swift */,
				FA2859492859B12000FCA9C2 /* ChatDetailModel.swift */,
			);
			path = Model;
			sourceTree = "<group>";
		};
		FA28593B2859B02F00FCA9C2 /* ListView */ = {
			isa = PBXGroup;
			children = (
				FADCFBF728590D11006F331A /* ChatListViewController.swift */,
				FA28593F2859B05C00FCA9C2 /* ChatListCell.swift */,
				FA28594F2859D1C500FCA9C2 /* PaddingLabel.swift */,
			);
			path = ListView;
			sourceTree = "<group>";
		};
		FA28593C2859B03500FCA9C2 /* DetailView */ = {
			isa = PBXGroup;
			children = (
				FA28593D2859B04400FCA9C2 /* ChatDetailViewController.swift */,
				FA2859412859B06300FCA9C2 /* ChatDetailCell.swift */,
			);
			path = DetailView;
			sourceTree = "<group>";
		};
		FA28594B2859D18D00FCA9C2 /* Service */ = {
			isa = PBXGroup;
			children = (
				FA28594C2859D19400FCA9C2 /* APIService.swift */,
			);
			path = Service;
			sourceTree = "<group>";
		};
		FA285951285B548100FCA9C2 /* Util */ = {
			isa = PBXGroup;
			children = (
				FA285952285B548D00FCA9C2 /* Util.swift */,
			);
			path = Util;
			sourceTree = "<group>";
		};
		FADCFBE728590D10006F331A = {
			isa = PBXGroup;
			children = (
				FADCFBF228590D11006F331A /* TestChatApp */,
				FADCFC0928590D11006F331A /* TestChatAppTests */,
				FADCFC1328590D11006F331A /* TestChatAppUITests */,
				FADCFBF128590D11006F331A /* Products */,
				7849A1A7EAAC094D66A63444 /* Pods */,
				5A2F480B1221DDFAD9CC42B3 /* Frameworks */,
			);
			sourceTree = "<group>";
		};
		FADCFBF128590D11006F331A /* Products */ = {
			isa = PBXGroup;
			children = (
				FADCFBF028590D11006F331A /* TestChatApp.app */,
				FADCFC0628590D11006F331A /* TestChatAppTests.xctest */,
				FADCFC1028590D11006F331A /* TestChatAppUITests.xctest */,
			);
			name = Products;
			sourceTree = "<group>";
		};
		FADCFBF228590D11006F331A /* TestChatApp */ = {
			isa = PBXGroup;
			children = (
				FADCFBF328590D11006F331A /* AppDelegate.swift */,
				FADCFBF528590D11006F331A /* SceneDelegate.swift */,
				FA285951285B548100FCA9C2 /* Util */,
				FA28594B2859D18D00FCA9C2 /* Service */,
				FA2859392859B00E00FCA9C2 /* Model */,
				FA2859382859B00A00FCA9C2 /* ViewModel */,
				FA2859372859B00500FCA9C2 /* View */,
				FADCFBFC28590D11006F331A /* Assets.xcassets */,
				FADCFBFE28590D11006F331A /* LaunchScreen.storyboard */,
				FADCFC0128590D11006F331A /* Info.plist */,
			);
			path = TestChatApp;
			sourceTree = "<group>";
		};
		FADCFC0928590D11006F331A /* TestChatAppTests */ = {
			isa = PBXGroup;
			children = (
				FADCFC0A28590D11006F331A /* TestChatAppTests.swift */,
			);
			path = TestChatAppTests;
			sourceTree = "<group>";
		};
		FADCFC1328590D11006F331A /* TestChatAppUITests */ = {
			isa = PBXGroup;
			children = (
				FADCFC1428590D11006F331A /* TestChatAppUITests.swift */,
				FADCFC1628590D11006F331A /* TestChatAppUITestsLaunchTests.swift */,
			);
			path = TestChatAppUITests;
			sourceTree = "<group>";
		};
/* End PBXGroup section */

/* Begin PBXNativeTarget section */
		FADCFBEF28590D11006F331A /* TestChatApp */ = {
			isa = PBXNativeTarget;
			buildConfigurationList = FADCFC1A28590D11006F331A /* Build configuration list for PBXNativeTarget "TestChatApp" */;
			buildPhases = (
				A02B7B2CAE861986A2FAEBA8 /* [CP] Check Pods Manifest.lock */,
				FADCFBEC28590D11006F331A /* Sources */,
				FADCFBED28590D11006F331A /* Frameworks */,
				FADCFBEE28590D11006F331A /* Resources */,
				A077D7040C58373B389C043E /* [CP] Embed Pods Frameworks */,
			);
			buildRules = (
			);
			dependencies = (
			);
			name = TestChatApp;
			productName = TestChatApp;
			productReference = FADCFBF028590D11006F331A /* TestChatApp.app */;
			productType = "com.apple.product-type.application";
		};
		FADCFC0528590D11006F331A /* TestChatAppTests */ = {
			isa = PBXNativeTarget;
			buildConfigurationList = FADCFC1D28590D11006F331A /* Build configuration list for PBXNativeTarget "TestChatAppTests" */;
			buildPhases = (
				9D44094021028A8130352974 /* [CP] Check Pods Manifest.lock */,
				FADCFC0228590D11006F331A /* Sources */,
				FADCFC0328590D11006F331A /* Frameworks */,
				FADCFC0428590D11006F331A /* Resources */,
			);
			buildRules = (
			);
			dependencies = (
				FADCFC0828590D11006F331A /* PBXTargetDependency */,
			);
			name = TestChatAppTests;
			productName = TestChatAppTests;
			productReference = FADCFC0628590D11006F331A /* TestChatAppTests.xctest */;
			productType = "com.apple.product-type.bundle.unit-test";
		};
		FADCFC0F28590D11006F331A /* TestChatAppUITests */ = {
			isa = PBXNativeTarget;
			buildConfigurationList = FADCFC2028590D11006F331A /* Build configuration list for PBXNativeTarget "TestChatAppUITests" */;
			buildPhases = (
				53A62EB3BC0602828BB68661 /* [CP] Check Pods Manifest.lock */,
				FADCFC0C28590D11006F331A /* Sources */,
				FADCFC0D28590D11006F331A /* Frameworks */,
				FADCFC0E28590D11006F331A /* Resources */,
				AD945307000A5229F2FC09EA /* [CP] Embed Pods Frameworks */,
			);
			buildRules = (
			);
			dependencies = (
				FADCFC1228590D11006F331A /* PBXTargetDependency */,
			);
			name = TestChatAppUITests;
			productName = TestChatAppUITests;
			productReference = FADCFC1028590D11006F331A /* TestChatAppUITests.xctest */;
			productType = "com.apple.product-type.bundle.ui-testing";
		};
/* End PBXNativeTarget section */

/* Begin PBXProject section */
		FADCFBE828590D10006F331A /* Project object */ = {
			isa = PBXProject;
			attributes = {
				BuildIndependentTargetsInParallel = 1;
				LastSwiftUpdateCheck = 1340;
				LastUpgradeCheck = 1340;
				TargetAttributes = {
					FADCFBEF28590D11006F331A = {
						CreatedOnToolsVersion = 13.4.1;
					};
					FADCFC0528590D11006F331A = {
						CreatedOnToolsVersion = 13.4.1;
						TestTargetID = FADCFBEF28590D11006F331A;
					};
					FADCFC0F28590D11006F331A = {
						CreatedOnToolsVersion = 13.4.1;
						TestTargetID = FADCFBEF28590D11006F331A;
					};
				};
			};
			buildConfigurationList = FADCFBEB28590D10006F331A /* Build configuration list for PBXProject "TestChatApp" */;
			compatibilityVersion = "Xcode 13.0";
			developmentRegion = en;
			hasScannedForEncodings = 0;
			knownRegions = (
				en,
				Base,
			);
			mainGroup = FADCFBE728590D10006F331A;
			productRefGroup = FADCFBF128590D11006F331A /* Products */;
			projectDirPath = "";
			projectRoot = "";
			targets = (
				FADCFBEF28590D11006F331A /* TestChatApp */,
				FADCFC0528590D11006F331A /* TestChatAppTests */,
				FADCFC0F28590D11006F331A /* TestChatAppUITests */,
			);
		};
/* End PBXProject section */

/* Begin PBXResourcesBuildPhase section */
		FADCFBEE28590D11006F331A /* Resources */ = {
			isa = PBXResourcesBuildPhase;
			buildActionMask = 2147483647;
			files = (
				FADCFC0028590D11006F331A /* LaunchScreen.storyboard in Resources */,
				FADCFBFD28590D11006F331A /* Assets.xcassets in Resources */,
			);
			runOnlyForDeploymentPostprocessing = 0;
		};
		FADCFC0428590D11006F331A /* Resources */ = {
			isa = PBXResourcesBuildPhase;
			buildActionMask = 2147483647;
			files = (
			);
			runOnlyForDeploymentPostprocessing = 0;
		};
		FADCFC0E28590D11006F331A /* Resources */ = {
			isa = PBXResourcesBuildPhase;
			buildActionMask = 2147483647;
			files = (
			);
			runOnlyForDeploymentPostprocessing = 0;
		};
/* End PBXResourcesBuildPhase section */

/* Begin PBXShellScriptBuildPhase section */
		53A62EB3BC0602828BB68661 /* [CP] Check Pods Manifest.lock */ = {
			isa = PBXShellScriptBuildPhase;
			buildActionMask = 2147483647;
			files = (
			);
			inputFileListPaths = (
			);
			inputPaths = (
				"${PODS_PODFILE_DIR_PATH}/Podfile.lock",
				"${PODS_ROOT}/Manifest.lock",
			);
			name = "[CP] Check Pods Manifest.lock";
			outputFileListPaths = (
			);
			outputPaths = (
				"$(DERIVED_FILE_DIR)/Pods-TestChatApp-TestChatAppUITests-checkManifestLockResult.txt",
			);
			runOnlyForDeploymentPostprocessing = 0;
			shellPath = /bin/sh;
			shellScript = "diff \"${PODS_PODFILE_DIR_PATH}/Podfile.lock\" \"${PODS_ROOT}/Manifest.lock\" > /dev/null\nif [ $? != 0 ] ; then\n    # print error to STDERR\n    echo \"error: The sandbox is not in sync with the Podfile.lock. Run 'pod install' or update your CocoaPods installation.\" >&2\n    exit 1\nfi\n# This output is used by Xcode 'outputs' to avoid re-running this script phase.\necho \"SUCCESS\" > \"${SCRIPT_OUTPUT_FILE_0}\"\n";
			showEnvVarsInLog = 0;
		};
		9D44094021028A8130352974 /* [CP] Check Pods Manifest.lock */ = {
			isa = PBXShellScriptBuildPhase;
			buildActionMask = 2147483647;
			files = (
			);
			inputFileListPaths = (
			);
			inputPaths = (
				"${PODS_PODFILE_DIR_PATH}/Podfile.lock",
				"${PODS_ROOT}/Manifest.lock",
			);
			name = "[CP] Check Pods Manifest.lock";
			outputFileListPaths = (
			);
			outputPaths = (
				"$(DERIVED_FILE_DIR)/Pods-TestChatAppTests-checkManifestLockResult.txt",
			);
			runOnlyForDeploymentPostprocessing = 0;
			shellPath = /bin/sh;
			shellScript = "diff \"${PODS_PODFILE_DIR_PATH}/Podfile.lock\" \"${PODS_ROOT}/Manifest.lock\" > /dev/null\nif [ $? != 0 ] ; then\n    # print error to STDERR\n    echo \"error: The sandbox is not in sync with the Podfile.lock. Run 'pod install' or update your CocoaPods installation.\" >&2\n    exit 1\nfi\n# This output is used by Xcode 'outputs' to avoid re-running this script phase.\necho \"SUCCESS\" > \"${SCRIPT_OUTPUT_FILE_0}\"\n";
			showEnvVarsInLog = 0;
		};
		A02B7B2CAE861986A2FAEBA8 /* [CP] Check Pods Manifest.lock */ = {
			isa = PBXShellScriptBuildPhase;
			buildActionMask = 2147483647;
			files = (
			);
			inputFileListPaths = (
			);
			inputPaths = (
				"${PODS_PODFILE_DIR_PATH}/Podfile.lock",
				"${PODS_ROOT}/Manifest.lock",
			);
			name = "[CP] Check Pods Manifest.lock";
			outputFileListPaths = (
			);
			outputPaths = (
				"$(DERIVED_FILE_DIR)/Pods-TestChatApp-checkManifestLockResult.txt",
			);
			runOnlyForDeploymentPostprocessing = 0;
			shellPath = /bin/sh;
			shellScript = "diff \"${PODS_PODFILE_DIR_PATH}/Podfile.lock\" \"${PODS_ROOT}/Manifest.lock\" > /dev/null\nif [ $? != 0 ] ; then\n    # print error to STDERR\n    echo \"error: The sandbox is not in sync with the Podfile.lock. Run 'pod install' or update your CocoaPods installation.\" >&2\n    exit 1\nfi\n# This output is used by Xcode 'outputs' to avoid re-running this script phase.\necho \"SUCCESS\" > \"${SCRIPT_OUTPUT_FILE_0}\"\n";
			showEnvVarsInLog = 0;
		};
		A077D7040C58373B389C043E /* [CP] Embed Pods Frameworks */ = {
			isa = PBXShellScriptBuildPhase;
			buildActionMask = 2147483647;
			files = (
			);
			inputFileListPaths = (
				"${PODS_ROOT}/Target Support Files/Pods-TestChatApp/Pods-TestChatApp-frameworks-${CONFIGURATION}-input-files.xcfilelist",
			);
			name = "[CP] Embed Pods Frameworks";
			outputFileListPaths = (
				"${PODS_ROOT}/Target Support Files/Pods-TestChatApp/Pods-TestChatApp-frameworks-${CONFIGURATION}-output-files.xcfilelist",
			);
			runOnlyForDeploymentPostprocessing = 0;
			shellPath = /bin/sh;
			shellScript = "\"${PODS_ROOT}/Target Support Files/Pods-TestChatApp/Pods-TestChatApp-frameworks.sh\"\n";
			showEnvVarsInLog = 0;
		};
		AD945307000A5229F2FC09EA /* [CP] Embed Pods Frameworks */ = {
			isa = PBXShellScriptBuildPhase;
			buildActionMask = 2147483647;
			files = (
			);
			inputFileListPaths = (
				"${PODS_ROOT}/Target Support Files/Pods-TestChatApp-TestChatAppUITests/Pods-TestChatApp-TestChatAppUITests-frameworks-${CONFIGURATION}-input-files.xcfilelist",
			);
			name = "[CP] Embed Pods Frameworks";
			outputFileListPaths = (
				"${PODS_ROOT}/Target Support Files/Pods-TestChatApp-TestChatAppUITests/Pods-TestChatApp-TestChatAppUITests-frameworks-${CONFIGURATION}-output-files.xcfilelist",
			);
			runOnlyForDeploymentPostprocessing = 0;
			shellPath = /bin/sh;
			shellScript = "\"${PODS_ROOT}/Target Support Files/Pods-TestChatApp-TestChatAppUITests/Pods-TestChatApp-TestChatAppUITests-frameworks.sh\"\n";
			showEnvVarsInLog = 0;
		};
/* End PBXShellScriptBuildPhase section */

/* Begin PBXSourcesBuildPhase section */
		FADCFBEC28590D11006F331A /* Sources */ = {
			isa = PBXSourcesBuildPhase;
			buildActionMask = 2147483647;
			files = (
				FA28594A2859B12000FCA9C2 /* ChatDetailModel.swift in Sources */,
				FA2859402859B05C00FCA9C2 /* ChatListCell.swift in Sources */,
				FADCFBF828590D11006F331A /* ChatListViewController.swift in Sources */,
				FA2859442859B10600FCA9C2 /* ListViewModel.swift in Sources */,
				FA28594D2859D19400FCA9C2 /* APIService.swift in Sources */,
				FA2859482859B11900FCA9C2 /* ChatListModel.swift in Sources */,
				FA2859502859D1C500FCA9C2 /* PaddingLabel.swift in Sources */,
				FA285953285B548D00FCA9C2 /* Util.swift in Sources */,
				FA2859422859B06300FCA9C2 /* ChatDetailCell.swift in Sources */,
				FADCFBF428590D11006F331A /* AppDelegate.swift in Sources */,
				FADCFBF628590D11006F331A /* SceneDelegate.swift in Sources */,
				FA28593E2859B04400FCA9C2 /* ChatDetailViewController.swift in Sources */,
				FA2859462859B10D00FCA9C2 /* DetailViewModel.swift in Sources */,
			);
			runOnlyForDeploymentPostprocessing = 0;
		};
		FADCFC0228590D11006F331A /* Sources */ = {
			isa = PBXSourcesBuildPhase;
			buildActionMask = 2147483647;
			files = (
				FADCFC0B28590D11006F331A /* TestChatAppTests.swift in Sources */,
			);
			runOnlyForDeploymentPostprocessing = 0;
		};
		FADCFC0C28590D11006F331A /* Sources */ = {
			isa = PBXSourcesBuildPhase;
			buildActionMask = 2147483647;
			files = (
				FADCFC1728590D11006F331A /* TestChatAppUITestsLaunchTests.swift in Sources */,
				FADCFC1528590D11006F331A /* TestChatAppUITests.swift in Sources */,
			);
			runOnlyForDeploymentPostprocessing = 0;
		};
/* End PBXSourcesBuildPhase section */

/* Begin PBXTargetDependency section */
		FADCFC0828590D11006F331A /* PBXTargetDependency */ = {
			isa = PBXTargetDependency;
			target = FADCFBEF28590D11006F331A /* TestChatApp */;
			targetProxy = FADCFC0728590D11006F331A /* PBXContainerItemProxy */;
		};
		FADCFC1228590D11006F331A /* PBXTargetDependency */ = {
			isa = PBXTargetDependency;
			target = FADCFBEF28590D11006F331A /* TestChatApp */;
			targetProxy = FADCFC1128590D11006F331A /* PBXContainerItemProxy */;
		};
/* End PBXTargetDependency section */

/* Begin PBXVariantGroup section */
		FADCFBFE28590D11006F331A /* LaunchScreen.storyboard */ = {
			isa = PBXVariantGroup;
			children = (
				FADCFBFF28590D11006F331A /* Base */,
			);
			name = LaunchScreen.storyboard;
			sourceTree = "<group>";
		};
/* End PBXVariantGroup section */

/* Begin XCBuildConfiguration section */
		FADCFC1828590D11006F331A /* Debug */ = {
			isa = XCBuildConfiguration;
			buildSettings = {
				ALWAYS_SEARCH_USER_PATHS = NO;
				CLANG_ANALYZER_NONNULL = YES;
				CLANG_ANALYZER_NUMBER_OBJECT_CONVERSION = YES_AGGRESSIVE;
				CLANG_CXX_LANGUAGE_STANDARD = "gnu++17";
				CLANG_ENABLE_MODULES = YES;
				CLANG_ENABLE_OBJC_ARC = YES;
				CLANG_ENABLE_OBJC_WEAK = YES;
				CLANG_WARN_BLOCK_CAPTURE_AUTORELEASING = YES;
				CLANG_WARN_BOOL_CONVERSION = YES;
				CLANG_WARN_COMMA = YES;
				CLANG_WARN_CONSTANT_CONVERSION = YES;
				CLANG_WARN_DEPRECATED_OBJC_IMPLEMENTATIONS = YES;
				CLANG_WARN_DIRECT_OBJC_ISA_USAGE = YES_ERROR;
				CLANG_WARN_DOCUMENTATION_COMMENTS = YES;
				CLANG_WARN_EMPTY_BODY = YES;
				CLANG_WARN_ENUM_CONVERSION = YES;
				CLANG_WARN_INFINITE_RECURSION = YES;
				CLANG_WARN_INT_CONVERSION = YES;
				CLANG_WARN_NON_LITERAL_NULL_CONVERSION = YES;
				CLANG_WARN_OBJC_IMPLICIT_RETAIN_SELF = YES;
				CLANG_WARN_OBJC_LITERAL_CONVERSION = YES;
				CLANG_WARN_OBJC_ROOT_CLASS = YES_ERROR;
				CLANG_WARN_QUOTED_INCLUDE_IN_FRAMEWORK_HEADER = YES;
				CLANG_WARN_RANGE_LOOP_ANALYSIS = YES;
				CLANG_WARN_STRICT_PROTOTYPES = YES;
				CLANG_WARN_SUSPICIOUS_MOVE = YES;
				CLANG_WARN_UNGUARDED_AVAILABILITY = YES_AGGRESSIVE;
				CLANG_WARN_UNREACHABLE_CODE = YES;
				CLANG_WARN__DUPLICATE_METHOD_MATCH = YES;
				COPY_PHASE_STRIP = NO;
				DEBUG_INFORMATION_FORMAT = dwarf;
				ENABLE_STRICT_OBJC_MSGSEND = YES;
				ENABLE_TESTABILITY = YES;
				GCC_C_LANGUAGE_STANDARD = gnu11;
				GCC_DYNAMIC_NO_PIC = NO;
				GCC_NO_COMMON_BLOCKS = YES;
				GCC_OPTIMIZATION_LEVEL = 0;
				GCC_PREPROCESSOR_DEFINITIONS = (
					"DEBUG=1",
					"$(inherited)",
				);
				GCC_WARN_64_TO_32_BIT_CONVERSION = YES;
				GCC_WARN_ABOUT_RETURN_TYPE = YES_ERROR;
				GCC_WARN_UNDECLARED_SELECTOR = YES;
				GCC_WARN_UNINITIALIZED_AUTOS = YES_AGGRESSIVE;
				GCC_WARN_UNUSED_FUNCTION = YES;
				GCC_WARN_UNUSED_VARIABLE = YES;
				IPHONEOS_DEPLOYMENT_TARGET = 15.5;
				MTL_ENABLE_DEBUG_INFO = INCLUDE_SOURCE;
				MTL_FAST_MATH = YES;
				ONLY_ACTIVE_ARCH = YES;
				SDKROOT = iphoneos;
				SWIFT_ACTIVE_COMPILATION_CONDITIONS = DEBUG;
				SWIFT_OPTIMIZATION_LEVEL = "-Onone";
			};
			name = Debug;
		};
		FADCFC1928590D11006F331A /* Release */ = {
			isa = XCBuildConfiguration;
			buildSettings = {
				ALWAYS_SEARCH_USER_PATHS = NO;
				CLANG_ANALYZER_NONNULL = YES;
				CLANG_ANALYZER_NUMBER_OBJECT_CONVERSION = YES_AGGRESSIVE;
				CLANG_CXX_LANGUAGE_STANDARD = "gnu++17";
				CLANG_ENABLE_MODULES = YES;
				CLANG_ENABLE_OBJC_ARC = YES;
				CLANG_ENABLE_OBJC_WEAK = YES;
				CLANG_WARN_BLOCK_CAPTURE_AUTORELEASING = YES;
				CLANG_WARN_BOOL_CONVERSION = YES;
				CLANG_WARN_COMMA = YES;
				CLANG_WARN_CONSTANT_CONVERSION = YES;
				CLANG_WARN_DEPRECATED_OBJC_IMPLEMENTATIONS = YES;
				CLANG_WARN_DIRECT_OBJC_ISA_USAGE = YES_ERROR;
				CLANG_WARN_DOCUMENTATION_COMMENTS = YES;
				CLANG_WARN_EMPTY_BODY = YES;
				CLANG_WARN_ENUM_CONVERSION = YES;
				CLANG_WARN_INFINITE_RECURSION = YES;
				CLANG_WARN_INT_CONVERSION = YES;
				CLANG_WARN_NON_LITERAL_NULL_CONVERSION = YES;
				CLANG_WARN_OBJC_IMPLICIT_RETAIN_SELF = YES;
				CLANG_WARN_OBJC_LITERAL_CONVERSION = YES;
				CLANG_WARN_OBJC_ROOT_CLASS = YES_ERROR;
				CLANG_WARN_QUOTED_INCLUDE_IN_FRAMEWORK_HEADER = YES;
				CLANG_WARN_RANGE_LOOP_ANALYSIS = YES;
				CLANG_WARN_STRICT_PROTOTYPES = YES;
				CLANG_WARN_SUSPICIOUS_MOVE = YES;
				CLANG_WARN_UNGUARDED_AVAILABILITY = YES_AGGRESSIVE;
				CLANG_WARN_UNREACHABLE_CODE = YES;
				CLANG_WARN__DUPLICATE_METHOD_MATCH = YES;
				COPY_PHASE_STRIP = NO;
				DEBUG_INFORMATION_FORMAT = "dwarf-with-dsym";
				ENABLE_NS_ASSERTIONS = NO;
				ENABLE_STRICT_OBJC_MSGSEND = YES;
				GCC_C_LANGUAGE_STANDARD = gnu11;
				GCC_NO_COMMON_BLOCKS = YES;
				GCC_WARN_64_TO_32_BIT_CONVERSION = YES;
				GCC_WARN_ABOUT_RETURN_TYPE = YES_ERROR;
				GCC_WARN_UNDECLARED_SELECTOR = YES;
				GCC_WARN_UNINITIALIZED_AUTOS = YES_AGGRESSIVE;
				GCC_WARN_UNUSED_FUNCTION = YES;
				GCC_WARN_UNUSED_VARIABLE = YES;
				IPHONEOS_DEPLOYMENT_TARGET = 15.5;
				MTL_ENABLE_DEBUG_INFO = NO;
				MTL_FAST_MATH = YES;
				SDKROOT = iphoneos;
				SWIFT_COMPILATION_MODE = wholemodule;
				SWIFT_OPTIMIZATION_LEVEL = "-O";
				VALIDATE_PRODUCT = YES;
			};
			name = Release;
		};
		FADCFC1B28590D11006F331A /* Debug */ = {
			isa = XCBuildConfiguration;
			baseConfigurationReference = 2ACA1BB939B23E029CAF24AD /* Pods-TestChatApp.debug.xcconfig */;
			buildSettings = {
				ASSETCATALOG_COMPILER_APPICON_NAME = AppIcon;
				ASSETCATALOG_COMPILER_GLOBAL_ACCENT_COLOR_NAME = AccentColor;
				CODE_SIGN_STYLE = Automatic;
				CURRENT_PROJECT_VERSION = 1;
				DEVELOPMENT_TEAM = 2WPFF44TRZ;
				GENERATE_INFOPLIST_FILE = YES;
				INFOPLIST_FILE = TestChatApp/Info.plist;
				INFOPLIST_KEY_UIApplicationSupportsIndirectInputEvents = YES;
				INFOPLIST_KEY_UILaunchStoryboardName = LaunchScreen;
				INFOPLIST_KEY_UISupportedInterfaceOrientations_iPad = "UIInterfaceOrientationPortrait UIInterfaceOrientationPortraitUpsideDown UIInterfaceOrientationLandscapeLeft UIInterfaceOrientationLandscapeRight";
				INFOPLIST_KEY_UISupportedInterfaceOrientations_iPhone = "UIInterfaceOrientationPortrait UIInterfaceOrientationLandscapeLeft UIInterfaceOrientationLandscapeRight";
				LD_RUNPATH_SEARCH_PATHS = (
					"$(inherited)",
					"@executable_path/Frameworks",
				);
				MARKETING_VERSION = 1.0;
				PRODUCT_BUNDLE_IDENTIFIER = Soobin.TestChatApp;
				PRODUCT_NAME = "$(TARGET_NAME)";
				SWIFT_EMIT_LOC_STRINGS = YES;
				SWIFT_VERSION = 5.0;
				TARGETED_DEVICE_FAMILY = "1,2";
			};
			name = Debug;
		};
		FADCFC1C28590D11006F331A /* Release */ = {
			isa = XCBuildConfiguration;
			baseConfigurationReference = FFFF5F12768FB2C22BF008BB /* Pods-TestChatApp.release.xcconfig */;
			buildSettings = {
				ASSETCATALOG_COMPILER_APPICON_NAME = AppIcon;
				ASSETCATALOG_COMPILER_GLOBAL_ACCENT_COLOR_NAME = AccentColor;
				CODE_SIGN_STYLE = Automatic;
				CURRENT_PROJECT_VERSION = 1;
				DEVELOPMENT_TEAM = 2WPFF44TRZ;
				GENERATE_INFOPLIST_FILE = YES;
				INFOPLIST_FILE = TestChatApp/Info.plist;
				INFOPLIST_KEY_UIApplicationSupportsIndirectInputEvents = YES;
				INFOPLIST_KEY_UILaunchStoryboardName = LaunchScreen;
				INFOPLIST_KEY_UISupportedInterfaceOrientations_iPad = "UIInterfaceOrientationPortrait UIInterfaceOrientationPortraitUpsideDown UIInterfaceOrientationLandscapeLeft UIInterfaceOrientationLandscapeRight";
				INFOPLIST_KEY_UISupportedInterfaceOrientations_iPhone = "UIInterfaceOrientationPortrait UIInterfaceOrientationLandscapeLeft UIInterfaceOrientationLandscapeRight";
				LD_RUNPATH_SEARCH_PATHS = (
					"$(inherited)",
					"@executable_path/Frameworks",
				);
				MARKETING_VERSION = 1.0;
				PRODUCT_BUNDLE_IDENTIFIER = Soobin.TestChatApp;
				PRODUCT_NAME = "$(TARGET_NAME)";
				SWIFT_EMIT_LOC_STRINGS = YES;
				SWIFT_VERSION = 5.0;
				TARGETED_DEVICE_FAMILY = "1,2";
			};
			name = Release;
		};
		FADCFC1E28590D11006F331A /* Debug */ = {
			isa = XCBuildConfiguration;
			baseConfigurationReference = 2E4316BCE53CD0FC93826C92 /* Pods-TestChatAppTests.debug.xcconfig */;
			buildSettings = {
				ALWAYS_EMBED_SWIFT_STANDARD_LIBRARIES = YES;
				BUNDLE_LOADER = "$(TEST_HOST)";
				CODE_SIGN_STYLE = Automatic;
				CURRENT_PROJECT_VERSION = 1;
				DEVELOPMENT_TEAM = 2WPFF44TRZ;
				GENERATE_INFOPLIST_FILE = YES;
				IPHONEOS_DEPLOYMENT_TARGET = 15.5;
				MARKETING_VERSION = 1.0;
				PRODUCT_BUNDLE_IDENTIFIER = Soobin.TestChatAppTests;
				PRODUCT_NAME = "$(TARGET_NAME)";
				SWIFT_EMIT_LOC_STRINGS = NO;
				SWIFT_VERSION = 5.0;
				TARGETED_DEVICE_FAMILY = "1,2";
				TEST_HOST = "$(BUILT_PRODUCTS_DIR)/TestChatApp.app/TestChatApp";
			};
			name = Debug;
		};
		FADCFC1F28590D11006F331A /* Release */ = {
			isa = XCBuildConfiguration;
			baseConfigurationReference = FFAE2818FBED49650FA061C6 /* Pods-TestChatAppTests.release.xcconfig */;
			buildSettings = {
				ALWAYS_EMBED_SWIFT_STANDARD_LIBRARIES = YES;
				BUNDLE_LOADER = "$(TEST_HOST)";
				CODE_SIGN_STYLE = Automatic;
				CURRENT_PROJECT_VERSION = 1;
				DEVELOPMENT_TEAM = 2WPFF44TRZ;
				GENERATE_INFOPLIST_FILE = YES;
				IPHONEOS_DEPLOYMENT_TARGET = 15.5;
				MARKETING_VERSION = 1.0;
				PRODUCT_BUNDLE_IDENTIFIER = Soobin.TestChatAppTests;
				PRODUCT_NAME = "$(TARGET_NAME)";
				SWIFT_EMIT_LOC_STRINGS = NO;
				SWIFT_VERSION = 5.0;
				TARGETED_DEVICE_FAMILY = "1,2";
				TEST_HOST = "$(BUILT_PRODUCTS_DIR)/TestChatApp.app/TestChatApp";
			};
			name = Release;
		};
		FADCFC2128590D11006F331A /* Debug */ = {
			isa = XCBuildConfiguration;
			baseConfigurationReference = DA739AE6D5142586258DF6A6 /* Pods-TestChatApp-TestChatAppUITests.debug.xcconfig */;
			buildSettings = {
				ALWAYS_EMBED_SWIFT_STANDARD_LIBRARIES = YES;
				CODE_SIGN_STYLE = Automatic;
				CURRENT_PROJECT_VERSION = 1;
				DEVELOPMENT_TEAM = 2WPFF44TRZ;
				GENERATE_INFOPLIST_FILE = YES;
				MARKETING_VERSION = 1.0;
				PRODUCT_BUNDLE_IDENTIFIER = Soobin.TestChatAppUITests;
				PRODUCT_NAME = "$(TARGET_NAME)";
				SWIFT_EMIT_LOC_STRINGS = NO;
				SWIFT_VERSION = 5.0;
				TARGETED_DEVICE_FAMILY = "1,2";
				TEST_TARGET_NAME = TestChatApp;
			};
			name = Debug;
		};
		FADCFC2228590D11006F331A /* Release */ = {
			isa = XCBuildConfiguration;
			baseConfigurationReference = 9989B34D1CFE3354B53E1438 /* Pods-TestChatApp-TestChatAppUITests.release.xcconfig */;
			buildSettings = {
				ALWAYS_EMBED_SWIFT_STANDARD_LIBRARIES = YES;
				CODE_SIGN_STYLE = Automatic;
				CURRENT_PROJECT_VERSION = 1;
				DEVELOPMENT_TEAM = 2WPFF44TRZ;
				GENERATE_INFOPLIST_FILE = YES;
				MARKETING_VERSION = 1.0;
				PRODUCT_BUNDLE_IDENTIFIER = Soobin.TestChatAppUITests;
				PRODUCT_NAME = "$(TARGET_NAME)";
				SWIFT_EMIT_LOC_STRINGS = NO;
				SWIFT_VERSION = 5.0;
				TARGETED_DEVICE_FAMILY = "1,2";
				TEST_TARGET_NAME = TestChatApp;
			};
			name = Release;
		};
/* End XCBuildConfiguration section */

/* Begin XCConfigurationList section */
		FADCFBEB28590D10006F331A /* Build configuration list for PBXProject "TestChatApp" */ = {
			isa = XCConfigurationList;
			buildConfigurations = (
				FADCFC1828590D11006F331A /* Debug */,
				FADCFC1928590D11006F331A /* Release */,
			);
			defaultConfigurationIsVisible = 0;
			defaultConfigurationName = Release;
		};
		FADCFC1A28590D11006F331A /* Build configuration list for PBXNativeTarget "TestChatApp" */ = {
			isa = XCConfigurationList;
			buildConfigurations = (
				FADCFC1B28590D11006F331A /* Debug */,
				FADCFC1C28590D11006F331A /* Release */,
			);
			defaultConfigurationIsVisible = 0;
			defaultConfigurationName = Release;
		};
		FADCFC1D28590D11006F331A /* Build configuration list for PBXNativeTarget "TestChatAppTests" */ = {
			isa = XCConfigurationList;
			buildConfigurations = (
				FADCFC1E28590D11006F331A /* Debug */,
				FADCFC1F28590D11006F331A /* Release */,
			);
			defaultConfigurationIsVisible = 0;
			defaultConfigurationName = Release;
		};
		FADCFC2028590D11006F331A /* Build configuration list for PBXNativeTarget "TestChatAppUITests" */ = {
			isa = XCConfigurationList;
			buildConfigurations = (
				FADCFC2128590D11006F331A /* Debug */,
				FADCFC2228590D11006F331A /* Release */,
			);
			defaultConfigurationIsVisible = 0;
			defaultConfigurationName = Release;
		};
/* End XCConfigurationList section */
	};
	rootObject = FADCFBE828590D10006F331A /* Project object */;
}
